
Microsoft Visual Studio Solution File, Format Version 12.00
# Visual Studio Version 16
VisualStudioVersion = 16.0.30804.86
MinimumVisualStudioVersion = 10.0.40219.1
Project("{FAE04EC0-301F-11D3-BF4B-00C04F79EFBC}") = "NotesBackend", "NotesBackend\NotesBackend.csproj", "{F45F8071-9913-4690-9BDE-5AB9C10BFF9A}"
EndProject
Global
	GlobalSection(SolutionConfigurationPlatforms) = preSolution
		Debug|Any CPU = Debug|Any CPU
		Release|Any CPU = Release|Any CPU
	EndGlobalSection
	GlobalSection(ProjectConfigurationPlatforms) = postSolution
		{F45F8071-9913-4690-9BDE-5AB9C10BFF9A}.Debug|Any CPU.ActiveCfg = Debug|Any CPU
		{F45F8071-9913-4690-9BDE-5AB9C10BFF9A}.Debug|Any CPU.Build.0 = Debug|Any CPU
		{F45F8071-9913-4690-9BDE-5AB9C10BFF9A}.Release|Any CPU.ActiveCfg = Release|Any CPU
		{F45F8071-9913-4690-9BDE-5AB9C10BFF9A}.Release|Any CPU.Build.0 = Release|Any CPU
	EndGlobalSection
	GlobalSection(SolutionProperties) = preSolution
		HideSolutionNode = FALSE
	EndGlobalSection
	GlobalSection(ExtensibilityGlobals) = postSolution
		SolutionGuid = {CD68AFA9-47B8-4F82-987F-9E082D8E7144}
	EndGlobalSection
EndGlobal
